# THIS IS AN AUTOGENERATED FILE. DO NOT EDIT THIS FILE DIRECTLY.
# yarn lockfile v1


"@babel/runtime@^7.18.9", "@babel/runtime@^7.7.6":
  version "7.21.0"
  resolved "https://registry.npmjs.org/@babel/runtime/-/runtime-7.21.0.tgz"
  integrity sha512-xwII0//EObnq89Ji5AKYQaRYiW/nZ3llSv29d49IuxPhKbtJoLP+9QUUZ4nVragQVtaVGeZrpB+ZtG/Pdy/POw==
  dependencies:
    regenerator-runtime "^0.13.11"

"@bufbuild/buf-darwin-arm64@1.15.0-1":
  version "1.15.0-1"
  resolved "https://registry.yarnpkg.com/@bufbuild/buf-darwin-arm64/-/buf-darwin-arm64-1.15.0-1.tgz#f636e271d172bced2a092cc1d787a472726d51ad"
  integrity sha512-KV3rvScwjMCcj0DSkmx6Ejk8YF7LtnqA3jSokeYbGaLLfSvPXu4q9d0I2pq+jaYIA8RfbMerAqzR8MccdY4Vqw==

"@bufbuild/buf-darwin-x64@1.15.0-1":
  version "1.15.0-1"
  resolved "https://registry.yarnpkg.com/@bufbuild/buf-darwin-x64/-/buf-darwin-x64-1.15.0-1.tgz#b15a624efcfcd06d602171c9087e39bd1fd9347a"
  integrity sha512-hSEK9TIGmTA58PhUsvcuhF9LcmZ3mZedPgWT8cAeGZYcNJd1mkUEzsWsqnYYGZRe1QvOPZW1BsPIayWFBrlBMQ==

"@bufbuild/buf-linux-aarch64@1.15.0-1":
  version "1.15.0-1"
  resolved "https://registry.yarnpkg.com/@bufbuild/buf-linux-aarch64/-/buf-linux-aarch64-1.15.0-1.tgz#354bc94dd2df51e146e38ecc1596854102b6c3c4"
  integrity sha512-Ppa5mNy3z5cmTPo18Sc5xUIPfRBpa/Bc9VyqtUqwMJGtTQ1fC+JJ9LFUL8UxXcvdVRcErxXNyd6oGEZzOoLFFQ==

"@bufbuild/buf-linux-x64@1.15.0-1":
  version "1.15.0-1"
  resolved "https://registry.npmjs.org/@bufbuild/buf-linux-x64/-/buf-linux-x64-1.15.0-1.tgz"
  integrity sha512-6QtcPOf6D3cXGAhMIhCkOlveLc19nXFCteUktuK73Ls8XDOLuhef4cEfb/Gh7RQCq6IyfFyzoEzb0cWybXnBbQ==

"@bufbuild/buf-win32-arm64@1.15.0-1":
  version "1.15.0-1"
  resolved "https://registry.yarnpkg.com/@bufbuild/buf-win32-arm64/-/buf-win32-arm64-1.15.0-1.tgz#5cd2b679b352d411b21be63f67e9efbdd3382de0"
  integrity sha512-h356aHM1BvHKjxrs9GjeuDxljqJDNtv8NhzssR3kD4ZkRjZYpMhc8YzpnodY3W520W9/6Q7k7CuVd2vhib1Fyg==

"@bufbuild/buf-win32-x64@1.15.0-1":
  version "1.15.0-1"
  resolved "https://registry.yarnpkg.com/@bufbuild/buf-win32-x64/-/buf-win32-x64-1.15.0-1.tgz#72d27405312abf48b92372d14cc8050f50b3a617"
  integrity sha512-dc1dBFDTNF/3ulr7rejsX/lBb2eqAPZtHI3w6YUQaXTkhmQtNOe45QkaOYnj4UFj6sBVI53WeAisNf3Wg+SUFQ==

"@bufbuild/buf@^1.15.0-1":
  version "1.15.0-1"
  resolved "https://registry.npmjs.org/@bufbuild/buf/-/buf-1.15.0-1.tgz"
  integrity sha512-j+mkNd9kM+2b9JacmZNBxTkbOXtLUltzv0inWBYRqd4dJ+EwAR/CDfK6OXvia94aJsKWy8YKSgLu19VlTYSh1Q==
  optionalDependencies:
    "@bufbuild/buf-darwin-arm64" "1.15.0-1"
    "@bufbuild/buf-darwin-x64" "1.15.0-1"
    "@bufbuild/buf-linux-aarch64" "1.15.0-1"
    "@bufbuild/buf-linux-x64" "1.15.0-1"
    "@bufbuild/buf-win32-arm64" "1.15.0-1"
    "@bufbuild/buf-win32-x64" "1.15.0-1"

"@bufbuild/connect-web@^0.8.4":
  version "0.8.4"
  resolved "https://registry.npmjs.org/@bufbuild/connect-web/-/connect-web-0.8.4.tgz"
  integrity sha512-GlM0wC/htfqBNEqn+s/+bIAD1OCCeoyqddS35Zjl+STKnfGfURbGjpfNyuci2RwmNQmotov0KKYshvowMn15yQ==
  dependencies:
    "@bufbuild/connect" "0.8.4"

"@bufbuild/connect@0.8.4", "@bufbuild/connect@^0.8.4":
  version "0.8.4"
  resolved "https://registry.npmjs.org/@bufbuild/connect/-/connect-0.8.4.tgz"
  integrity sha512-99FwsvhEDTUJAXLJEyqdKhAle/MuFrRtkRBdRFLH2oNdI5Tv0Qaa7oMcQXKPFPQDfRdJEZe+dt8scmRVN55njA==

"@bufbuild/protobuf@1.2.0", "@bufbuild/protobuf@^1.0.0", "@bufbuild/protobuf@^1.2.0":
  version "1.2.0"
  resolved "https://registry.npmjs.org/@bufbuild/protobuf/-/protobuf-1.2.0.tgz"
  integrity sha512-MBVuQMOBHxgGnZ9XCUIi8WOy5O/T4ma3TduCRhRvndv3UDbG9cHgd8h6nOYSGyBYPEvXf1z9nTwhp8mVIDbq2g==

"@bufbuild/protoc-gen-connect-es@^0.8.4":
  version "0.8.4"
  resolved "https://registry.npmjs.org/@bufbuild/protoc-gen-connect-es/-/protoc-gen-connect-es-0.8.4.tgz"
  integrity sha512-BtHrR1ixU+vAWmyh4/T/JT13n2tTb6NJbxn7+aUdr7OjeCcT+wTceTu6W/s96rMITMkdAKm/h8JyO5b32LfhDg==
  dependencies:
    "@bufbuild/protobuf" "^1.0.0"
    "@bufbuild/protoplugin" "^1.0.0"

"@bufbuild/protoc-gen-connect-web@^0.8.4":
  version "0.8.4"
  resolved "https://registry.yarnpkg.com/@bufbuild/protoc-gen-connect-web/-/protoc-gen-connect-web-0.8.4.tgz#658907f27cb38bfff847b5e6ab6f8e0a95af57d2"
  integrity sha512-tsjJoQ2KPZdAscwmjw9/XL0LFdbK6N1JLe47gWI1FIe5SZMwoSu+DrBCpiifSrjI7e+ld/mwN7GwaZ2uVTOWmQ==
  dependencies:
    "@bufbuild/protobuf" "^1.0.0"
    "@bufbuild/protoplugin" "^1.0.0"

"@bufbuild/protoc-gen-es@^1.2.0":
  version "1.2.0"
  resolved "https://registry.npmjs.org/@bufbuild/protoc-gen-es/-/protoc-gen-es-1.2.0.tgz"
  integrity sha512-rdg2+Co4H+cImZ81EEzHLEi9bmzmMnS/bsf7XLHKtWYskj1PZVIalfquQejcSV6eWbdmVGKa29JwI5zEkSmkCQ==
  dependencies:
    "@bufbuild/protoplugin" "1.2.0"

"@bufbuild/protoplugin@1.2.0", "@bufbuild/protoplugin@^1.0.0":
  version "1.2.0"
  resolved "https://registry.npmjs.org/@bufbuild/protoplugin/-/protoplugin-1.2.0.tgz"
  integrity sha512-TX0mEk+LdIbpK2xr5RqeUswR8jGZs6uCX6Cq8azADj8hhiUr7Xty8agEOU/zR+J71D4dV5SnyEPYyw0nGJ6dGQ==
  dependencies:
    "@bufbuild/protobuf" "1.2.0"
    "@typescript/vfs" "^1.4.0"
    typescript "4.5.2"

"@eslint-community/eslint-utils@^4.2.0":
  version "4.4.0"
  resolved "https://registry.npmjs.org/@eslint-community/eslint-utils/-/eslint-utils-4.4.0.tgz"
  integrity sha512-1/sA4dwrzBAyeUoQ6oxahHKmrZvsnLCg4RfxW3ZFGGmQkSNQPFNLV9CUEFQP1x9EYXHTo5p6xdhZM1Ne9p/AfA==
  dependencies:
    eslint-visitor-keys "^3.3.0"

"@eslint-community/regexpp@^4.4.0":
  version "4.4.1"
  resolved "https://registry.npmjs.org/@eslint-community/regexpp/-/regexpp-4.4.1.tgz"
  integrity sha512-BISJ6ZE4xQsuL/FmsyRaiffpq977bMlsKfGHTQrOGFErfByxIe6iZTxPf/00Zon9b9a7iUykfQwejN3s2ZW/Bw==

"@nodelib/fs.scandir@2.1.5":
  version "2.1.5"
  resolved "https://registry.npmjs.org/@nodelib/fs.scandir/-/fs.scandir-2.1.5.tgz"
  integrity sha512-vq24Bq3ym5HEQm2NKCr3yXDwjc7vTsEThRDnkp2DK9p1uqLR+DHurm/NOTo0KG7HYHU7eppKZj3MyqYuMBf62g==
  dependencies:
    "@nodelib/fs.stat" "2.0.5"
    run-parallel "^1.1.9"

"@nodelib/fs.stat@2.0.5", "@nodelib/fs.stat@^2.0.2":
  version "2.0.5"
  resolved "https://registry.npmjs.org/@nodelib/fs.stat/-/fs.stat-2.0.5.tgz"
  integrity sha512-RkhPPp2zrqDAQA/2jNhnztcPAlv64XdhIp7a7454A5ovI7Bukxgt7MX7udwAu3zg1DcpPU0rz3VV1SeaqvY4+A==

"@nodelib/fs.walk@^1.2.3":
  version "1.2.8"
  resolved "https://registry.npmjs.org/@nodelib/fs.walk/-/fs.walk-1.2.8.tgz"
  integrity sha512-oGB+UxlgWcgQkgwo8GcEGwemoTFt3FIO9ababBmaGwXIoBKZ+GTy0pP185beGg7Llih/NSHSV2XAs1lnznocSg==
  dependencies:
    "@nodelib/fs.scandir" "2.1.5"
    fastq "^1.6.0"

"@types/json-schema@^7.0.9":
  version "7.0.11"
  resolved "https://registry.npmjs.org/@types/json-schema/-/json-schema-7.0.11.tgz"
  integrity sha512-wOuvG1SN4Us4rez+tylwwwCV1psiNVOkJeM3AUWUNWg/jDQY2+HE/444y5gc+jBmRqASOm2Oeh5c1axHobwRKQ==

"@types/semver@^7.3.12":
  version "7.3.13"
  resolved "https://registry.npmjs.org/@types/semver/-/semver-7.3.13.tgz"
  integrity sha512-21cFJr9z3g5dW8B0CVI9g2O9beqaThGQ6ZFBqHfwhzLDKUxaqTIy3vnfah/UPkfOiF2pLq+tGz+W8RyCskuslw==

"@typescript-eslint/eslint-plugin@^5.48.2":
  version "5.57.0"
  resolved "https://registry.npmjs.org/@typescript-eslint/eslint-plugin/-/eslint-plugin-5.57.0.tgz"
  integrity sha512-itag0qpN6q2UMM6Xgk6xoHa0D0/P+M17THnr4SVgqn9Rgam5k/He33MA7/D7QoJcdMxHFyX7U9imaBonAX/6qA==
  dependencies:
    "@eslint-community/regexpp" "^4.4.0"
    "@typescript-eslint/scope-manager" "5.57.0"
    "@typescript-eslint/type-utils" "5.57.0"
    "@typescript-eslint/utils" "5.57.0"
    debug "^4.3.4"
    grapheme-splitter "^1.0.4"
    ignore "^5.2.0"
    natural-compare-lite "^1.4.0"
    semver "^7.3.7"
    tsutils "^3.21.0"

"@typescript-eslint/parser@^5.48.2":
  version "5.57.0"
  resolved "https://registry.npmjs.org/@typescript-eslint/parser/-/parser-5.57.0.tgz"
  integrity sha512-orrduvpWYkgLCyAdNtR1QIWovcNZlEm6yL8nwH/eTxWLd8gsP+25pdLHYzL2QdkqrieaDwLpytHqycncv0woUQ==
  dependencies:
    "@typescript-eslint/scope-manager" "5.57.0"
    "@typescript-eslint/types" "5.57.0"
    "@typescript-eslint/typescript-estree" "5.57.0"
    debug "^4.3.4"

"@typescript-eslint/scope-manager@5.57.0":
  version "5.57.0"
  resolved "https://registry.npmjs.org/@typescript-eslint/scope-manager/-/scope-manager-5.57.0.tgz"
  integrity sha512-NANBNOQvllPlizl9LatX8+MHi7bx7WGIWYjPHDmQe5Si/0YEYfxSljJpoTyTWFTgRy3X8gLYSE4xQ2U+aCozSw==
  dependencies:
    "@typescript-eslint/types" "5.57.0"
    "@typescript-eslint/visitor-keys" "5.57.0"

"@typescript-eslint/type-utils@5.57.0":
  version "5.57.0"
  resolved "https://registry.npmjs.org/@typescript-eslint/type-utils/-/type-utils-5.57.0.tgz"
  integrity sha512-kxXoq9zOTbvqzLbdNKy1yFrxLC6GDJFE2Yuo3KqSwTmDOFjUGeWSakgoXT864WcK5/NAJkkONCiKb1ddsqhLXQ==
  dependencies:
    "@typescript-eslint/typescript-estree" "5.57.0"
    "@typescript-eslint/utils" "5.57.0"
    debug "^4.3.4"
    tsutils "^3.21.0"

"@typescript-eslint/types@5.57.0":
  version "5.57.0"
  resolved "https://registry.npmjs.org/@typescript-eslint/types/-/types-5.57.0.tgz"
  integrity sha512-mxsod+aZRSyLT+jiqHw1KK6xrANm19/+VFALVFP5qa/aiJnlP38qpyaTd0fEKhWvQk6YeNZ5LGwI1pDpBRBhtQ==

"@typescript-eslint/typescript-estree@5.57.0":
  version "5.57.0"
  resolved "https://registry.npmjs.org/@typescript-eslint/typescript-estree/-/typescript-estree-5.57.0.tgz"
  integrity sha512-LTzQ23TV82KpO8HPnWuxM2V7ieXW8O142I7hQTxWIHDcCEIjtkat6H96PFkYBQqGFLW/G/eVVOB9Z8rcvdY/Vw==
  dependencies:
    "@typescript-eslint/types" "5.57.0"
    "@typescript-eslint/visitor-keys" "5.57.0"
    debug "^4.3.4"
    globby "^11.1.0"
    is-glob "^4.0.3"
    semver "^7.3.7"
    tsutils "^3.21.0"

"@typescript-eslint/utils@5.57.0":
  version "5.57.0"
  resolved "https://registry.npmjs.org/@typescript-eslint/utils/-/utils-5.57.0.tgz"
  integrity sha512-ps/4WohXV7C+LTSgAL5CApxvxbMkl9B9AUZRtnEFonpIxZDIT7wC1xfvuJONMidrkB9scs4zhtRyIwHh4+18kw==
  dependencies:
    "@eslint-community/eslint-utils" "^4.2.0"
    "@types/json-schema" "^7.0.9"
    "@types/semver" "^7.3.12"
    "@typescript-eslint/scope-manager" "5.57.0"
    "@typescript-eslint/types" "5.57.0"
    "@typescript-eslint/typescript-estree" "5.57.0"
    eslint-scope "^5.1.1"
    semver "^7.3.7"

"@typescript-eslint/visitor-keys@5.57.0":
  version "5.57.0"
  resolved "https://registry.npmjs.org/@typescript-eslint/visitor-keys/-/visitor-keys-5.57.0.tgz"
  integrity sha512-ery2g3k0hv5BLiKpPuwYt9KBkAp2ugT6VvyShXdLOkax895EC55sP0Tx5L0fZaQueiK3fBLvHVvEl3jFS5ia+g==
  dependencies:
    "@typescript-eslint/types" "5.57.0"
    eslint-visitor-keys "^3.3.0"

"@typescript/vfs@^1.4.0":
  version "1.4.0"
  resolved "https://registry.npmjs.org/@typescript/vfs/-/vfs-1.4.0.tgz"
  integrity sha512-Pood7yv5YWMIX+yCHo176OnF8WUlKGImFG7XlsuH14Zb1YN5+dYD3uUtS7lqZtsH7tAveNUi2NzdpQCN0yRbaw==
  dependencies:
    debug "^4.1.1"

all-contributors-cli@6.24.0:
  version "6.24.0"
  resolved "https://registry.npmjs.org/all-contributors-cli/-/all-contributors-cli-6.24.0.tgz"
  integrity sha512-7oSKr2PnqxsOotuSwciltcFTS1eVRdjR0cn99hbElfff7gRQBShVhsf/XBprY41sLcgqTk0l0MKgKv6QNgZdMg==
  dependencies:
    "@babel/runtime" "^7.7.6"
    async "^3.1.0"
    chalk "^4.0.0"
    didyoumean "^1.2.1"
    inquirer "^7.3.3"
    json-fixer "^1.6.8"
    lodash "^4.11.2"
    node-fetch "^2.6.0"
    pify "^5.0.0"
    yargs "^15.0.1"

ansi-escapes@^4.2.1:
  version "4.3.2"
  resolved "https://registry.npmjs.org/ansi-escapes/-/ansi-escapes-4.3.2.tgz"
  integrity sha512-gKXj5ALrKWQLsYG9jlTRmR/xKluxHV+Z9QEwNIgCfM1/uwPMCuzVVnh5mwTd+OuBZcwSIMbqssNWRm1lE51QaQ==
  dependencies:
    type-fest "^0.21.3"

ansi-regex@^5.0.1:
  version "5.0.1"
  resolved "https://registry.npmjs.org/ansi-regex/-/ansi-regex-5.0.1.tgz"
  integrity sha512-quJQXlTSUGL2LH9SUXo8VwsY4soanhgo6LNSm84E1LBcE8s3O0wpdiRzyR9z/ZZJMlMWv37qOOb9pdJlMUEKFQ==

ansi-styles@^4.0.0, ansi-styles@^4.1.0:
  version "4.3.0"
  resolved "https://registry.npmjs.org/ansi-styles/-/ansi-styles-4.3.0.tgz"
  integrity sha512-zbB9rCJAT1rbjiVDb2hqKFHNYLxgtk8NURxZ3IZwD3F6NtxbXZQCnnSi1Lkx+IDohdPlFp222wVALIheZJQSEg==
  dependencies:
    color-convert "^2.0.1"

array-union@^2.1.0:
  version "2.1.0"
  resolved "https://registry.npmjs.org/array-union/-/array-union-2.1.0.tgz"
  integrity sha512-HGyxoOTYUyCM6stUe6EJgnd4EoewAI7zMdfqO+kGjnlZmBDz/cR5pf8r/cR4Wq60sL/p0IkcjUEEPwS3GFrIyw==

async@^3.1.0:
  version "3.2.4"
  resolved "https://registry.npmjs.org/async/-/async-3.2.4.tgz"
  integrity sha512-iAB+JbDEGXhyIUavoDl9WP/Jj106Kz9DEn1DPgYw5ruDn0e3Wgi3sKFm55sASdGBNOQB8F59d9qQ7deqrHA8wQ==

braces@^3.0.2:
  version "3.0.2"
  resolved "https://registry.npmjs.org/braces/-/braces-3.0.2.tgz"
  integrity sha512-b8um+L1RzM3WDSzvhm6gIz1yfTbBt6YTlcEKAvsmqCZZFw46z626lVj9j1yEPW33H5H+lBQpZMP1k8l+78Ha0A==
  dependencies:
    fill-range "^7.0.1"

camelcase@^5.0.0:
  version "5.3.1"
  resolved "https://registry.npmjs.org/camelcase/-/camelcase-5.3.1.tgz"
  integrity sha512-L28STB170nwWS63UjtlEOE3dldQApaJXZkOI1uMFfzf3rRuPegHaHesyee+YxQ+W6SvRDQV6UrdOdRiR153wJg==

chalk@^4.0.0, chalk@^4.1.0, chalk@^4.1.2:
  version "4.1.2"
  resolved "https://registry.npmjs.org/chalk/-/chalk-4.1.2.tgz"
  integrity sha512-oKnbhFyRIXpUuez8iBMmyEa4nbj4IOQyuhc/wy9kY7/WVPcwIO9VA668Pu8RkO7+0G76SLROeyw9CpQ061i4mA==
  dependencies:
    ansi-styles "^4.1.0"
    supports-color "^7.1.0"

chardet@^0.7.0:
  version "0.7.0"
  resolved "https://registry.npmjs.org/chardet/-/chardet-0.7.0.tgz"
  integrity sha512-mT8iDcrh03qDGRRmoA2hmBJnxpllMR+0/0qlzjqZES6NdiWDcZkCNAk4rPFZ9Q85r27unkiNNg8ZOiwZXBHwcA==

cli-cursor@^3.1.0:
  version "3.1.0"
  resolved "https://registry.npmjs.org/cli-cursor/-/cli-cursor-3.1.0.tgz"
  integrity sha512-I/zHAwsKf9FqGoXM4WWRACob9+SNukZTd94DWF57E4toouRulbCxcUh6RKUEOQlYTHJnzkPMySvPNaaSLNfLZw==
  dependencies:
    restore-cursor "^3.1.0"

cli-width@^3.0.0:
  version "3.0.0"
  resolved "https://registry.npmjs.org/cli-width/-/cli-width-3.0.0.tgz"
  integrity sha512-FxqpkPPwu1HjuN93Omfm4h8uIanXofW0RxVEW3k5RKx+mJJYSthzNhp32Kzxxy3YAEZ/Dc/EWN1vZRY0+kOhbw==

cliui@^6.0.0:
  version "6.0.0"
  resolved "https://registry.npmjs.org/cliui/-/cliui-6.0.0.tgz"
  integrity sha512-t6wbgtoCXvAzst7QgXxJYqPt0usEfbgQdftEPbLL/cvv6HPE5VgvqCuAIDR0NgU52ds6rFwqrgakNLrHEjCbrQ==
  dependencies:
    string-width "^4.2.0"
    strip-ansi "^6.0.0"
    wrap-ansi "^6.2.0"

color-convert@^2.0.1:
  version "2.0.1"
  resolved "https://registry.npmjs.org/color-convert/-/color-convert-2.0.1.tgz"
  integrity sha512-RRECPsj7iu/xb5oKYcsFHSppFNnsj/52OVTRKb4zP5onXwVF3zVmmToNcOfGC+CRDpfK/U584fMg38ZHCaElKQ==
  dependencies:
    color-name "~1.1.4"

color-name@~1.1.4:
  version "1.1.4"
  resolved "https://registry.npmjs.org/color-name/-/color-name-1.1.4.tgz"
  integrity sha512-dOy+3AuW3a2wNbZHIuMZpTcgjGuLU/uBL/ubcZF9OXbDo8ff4O8yVp5Bf0efS8uEoYo5q4Fx7dY9OgQGXgAsQA==

debug@^4.1.1, debug@^4.3.4:
  version "4.3.4"
  resolved "https://registry.npmjs.org/debug/-/debug-4.3.4.tgz"
  integrity sha512-PRWFHuSU3eDtQJPvnNY7Jcket1j0t5OuOsFzPPzsekD52Zl8qUfFIPEiswXqIvHWGVHOgX+7G/vCNNhehwxfkQ==
  dependencies:
    ms "2.1.2"

decamelize@^1.2.0:
  version "1.2.0"
  resolved "https://registry.npmjs.org/decamelize/-/decamelize-1.2.0.tgz"
  integrity sha512-z2S+W9X73hAUUki+N+9Za2lBlun89zigOyGrsax+KUQ6wKW4ZoWpEYBkGhQjwAjjDCkWxhY0VKEhk8wzY7F5cA==

didyoumean@^1.2.1:
  version "1.2.2"
  resolved "https://registry.npmjs.org/didyoumean/-/didyoumean-1.2.2.tgz"
  integrity sha512-gxtyfqMg7GKyhQmb056K7M3xszy/myH8w+B4RT+QXBQsvAOdc3XymqDDPHx1BgPgsdAA5SIifona89YtRATDzw==

dir-glob@^3.0.1:
  version "3.0.1"
  resolved "https://registry.npmjs.org/dir-glob/-/dir-glob-3.0.1.tgz"
  integrity sha512-WkrWp9GR4KXfKGYzOLmTuGVi1UWFfws377n9cc55/tb6DuqyF6pcQ5AbiHEshaDpY9v6oaSr2XCDidGmMwdzIA==
  dependencies:
    path-type "^4.0.0"

emoji-regex@^8.0.0:
  version "8.0.0"
  resolved "https://registry.npmjs.org/emoji-regex/-/emoji-regex-8.0.0.tgz"
  integrity sha512-MSjYzcWNOA0ewAHpz0MxpYFvwg6yjy1NG3xteoqz644VCo/RPgnr1/GGt+ic3iJTzQ8Eu3TdM14SawnVUmGE6A==

escape-string-regexp@^1.0.5:
  version "1.0.5"
  resolved "https://registry.npmjs.org/escape-string-regexp/-/escape-string-regexp-1.0.5.tgz"
  integrity sha512-vbRorB5FUQWvla16U8R/qgaFIya2qGzwDrNmCZuYKrbdSUMG6I1ZCGQRefkRVhuOkIGVne7BQ35DSfo1qvJqFg==

eslint-scope@^5.1.1:
  version "5.1.1"
  resolved "https://registry.npmjs.org/eslint-scope/-/eslint-scope-5.1.1.tgz"
  integrity sha512-2NxwbF/hZ0KpepYN0cNbo+FN6XoK7GaHlQhgx/hIZl6Va0bF45RQOOwhLIy8lQDbuCiadSLCBnH2CFYquit5bw==
  dependencies:
    esrecurse "^4.3.0"
    estraverse "^4.1.1"

eslint-visitor-keys@^3.3.0:
  version "3.4.0"
  resolved "https://registry.npmjs.org/eslint-visitor-keys/-/eslint-visitor-keys-3.4.0.tgz"
  integrity sha512-HPpKPUBQcAsZOsHAFwTtIKcYlCje62XB7SEAcxjtmW6TD1WVpkS6i6/hOVtTZIl4zGj/mBqpFVGvaDneik+VoQ==

esrecurse@^4.3.0:
  version "4.3.0"
  resolved "https://registry.npmjs.org/esrecurse/-/esrecurse-4.3.0.tgz"
  integrity sha512-KmfKL3b6G+RXvP8N1vr3Tq1kL/oCFgn2NYXEtqP8/L3pKapUA4G8cFVaoF3SU323CD4XypR/ffioHmkti6/Tag==
  dependencies:
    estraverse "^5.2.0"

estraverse@^4.1.1:
  version "4.3.0"
  resolved "https://registry.npmjs.org/estraverse/-/estraverse-4.3.0.tgz"
  integrity sha512-39nnKffWz8xN1BU/2c79n9nB9HDzo0niYUqx6xyqUnyoAnQyyWpOTdZEeiCch8BBu515t4wp9ZmgVfVhn9EBpw==

estraverse@^5.2.0:
  version "5.3.0"
  resolved "https://registry.npmjs.org/estraverse/-/estraverse-5.3.0.tgz"
  integrity sha512-MMdARuVEQziNTeJD8DgMqmhwR11BRQ/cBP+pLtYdSTnf3MIO8fFeiINEbX36ZdNlfU/7A9f3gUw49B3oQsvwBA==

external-editor@^3.0.3:
  version "3.1.0"
  resolved "https://registry.npmjs.org/external-editor/-/external-editor-3.1.0.tgz"
  integrity sha512-hMQ4CX1p1izmuLYyZqLMO/qGNw10wSv9QDCPfzXfyFrOaCSSoRfqE1Kf1s5an66J5JZC62NewG+mK49jOCtQew==
  dependencies:
    chardet "^0.7.0"
    iconv-lite "^0.4.24"
    tmp "^0.0.33"

fast-glob@^3.2.9:
  version "3.2.12"
  resolved "https://registry.npmjs.org/fast-glob/-/fast-glob-3.2.12.tgz"
  integrity sha512-DVj4CQIYYow0BlaelwK1pHl5n5cRSJfM60UA0zK891sVInoPri2Ekj7+e1CT3/3qxXenpI+nBBmQAcJPJgaj4w==
  dependencies:
    "@nodelib/fs.stat" "^2.0.2"
    "@nodelib/fs.walk" "^1.2.3"
    glob-parent "^5.1.2"
    merge2 "^1.3.0"
    micromatch "^4.0.4"

fastq@^1.6.0:
  version "1.15.0"
  resolved "https://registry.npmjs.org/fastq/-/fastq-1.15.0.tgz"
  integrity sha512-wBrocU2LCXXa+lWBt8RoIRD89Fi8OdABODa/kEnyeyjS5aZO5/GNvI5sEINADqP/h8M29UHTHUb53sUu5Ihqdw==
  dependencies:
    reusify "^1.0.4"

figures@^3.0.0:
  version "3.2.0"
  resolved "https://registry.npmjs.org/figures/-/figures-3.2.0.tgz"
  integrity sha512-yaduQFRKLXYOGgEn6AZau90j3ggSOyiqXU0F9JZfeXYhNa+Jk4X+s45A2zg5jns87GAFa34BBm2kXw4XpNcbdg==
  dependencies:
    escape-string-regexp "^1.0.5"

fill-range@^7.0.1:
  version "7.0.1"
  resolved "https://registry.npmjs.org/fill-range/-/fill-range-7.0.1.tgz"
  integrity sha512-qOo9F+dMUmC2Lcb4BbVvnKJxTPjCm+RRpe4gDuGrzkL7mEVl/djYSu2OdQ2Pa302N4oqkSg9ir6jaLWJ2USVpQ==
  dependencies:
    to-regex-range "^5.0.1"

find-up@^4.1.0:
  version "4.1.0"
  resolved "https://registry.npmjs.org/find-up/-/find-up-4.1.0.tgz"
  integrity sha512-PpOwAdQ/YlXQ2vj8a3h8IipDuYRi3wceVQQGYWxNINccq40Anw7BlsEXCMbt1Zt+OLA6Fq9suIpIWD0OsnISlw==
  dependencies:
    locate-path "^5.0.0"
    path-exists "^4.0.0"

get-caller-file@^2.0.1:
  version "2.0.5"
  resolved "https://registry.npmjs.org/get-caller-file/-/get-caller-file-2.0.5.tgz"
  integrity sha512-DyFP3BM/3YHTQOCUL/w0OZHR0lpKeGrxotcHWcqNEdnltqFwXVfhEBQ94eIo34AfQpo0rGki4cyIiftY06h2Fg==

glob-parent@^5.1.2:
  version "5.1.2"
  resolved "https://registry.npmjs.org/glob-parent/-/glob-parent-5.1.2.tgz"
  integrity sha512-AOIgSQCepiJYwP3ARnGx+5VnTu2HBYdzbGP45eLw1vr3zB3vZLeyed1sC9hnbcOc9/SrMyM5RPQrkGz4aS9Zow==
  dependencies:
    is-glob "^4.0.1"

globby@^11.1.0:
  version "11.1.0"
  resolved "https://registry.npmjs.org/globby/-/globby-11.1.0.tgz"
  integrity sha512-jhIXaOzy1sb8IyocaruWSn1TjmnBVs8Ayhcy83rmxNJ8q2uWKCAj3CnJY+KpGSXCueAPc0i05kVvVKtP1t9S3g==
  dependencies:
    array-union "^2.1.0"
    dir-glob "^3.0.1"
    fast-glob "^3.2.9"
    ignore "^5.2.0"
    merge2 "^1.4.1"
    slash "^3.0.0"

grapheme-splitter@^1.0.4:
  version "1.0.4"
  resolved "https://registry.npmjs.org/grapheme-splitter/-/grapheme-splitter-1.0.4.tgz"
  integrity sha512-bzh50DW9kTPM00T8y4o8vQg89Di9oLJVLW/KaOGIXJWP/iqCN6WKYkbNOF04vFLJhwcpYUh9ydh/+5vpOqV4YQ==

has-flag@^4.0.0:
  version "4.0.0"
  resolved "https://registry.npmjs.org/has-flag/-/has-flag-4.0.0.tgz"
  integrity sha512-EykJT/Q1KjTWctppgIAgfSO0tKVuZUjhgMr17kqTumMl6Afv3EISleU7qZUzoXDFTAHTDC4NOoG/ZxU3EvlMPQ==

iconv-lite@^0.4.24:
  version "0.4.24"
  resolved "https://registry.npmjs.org/iconv-lite/-/iconv-lite-0.4.24.tgz"
  integrity sha512-v3MXnZAcvnywkTUEZomIActle7RXXeedOR31wwl7VlyoXO4Qi9arvSenNQWne1TcRwhCL1HwLI21bEqdpj8/rA==
  dependencies:
    safer-buffer ">= 2.1.2 < 3"

ignore@^5.2.0:
  version "5.2.4"
  resolved "https://registry.npmjs.org/ignore/-/ignore-5.2.4.tgz"
  integrity sha512-MAb38BcSbH0eHNBxn7ql2NH/kX33OkB3lZ1BNdh7ENeRChHTYsTvWrMubiIAMNS2llXEEgZ1MUOBtXChP3kaFQ==

inquirer@^7.3.3:
  version "7.3.3"
  resolved "https://registry.npmjs.org/inquirer/-/inquirer-7.3.3.tgz"
  integrity sha512-JG3eIAj5V9CwcGvuOmoo6LB9kbAYT8HXffUl6memuszlwDC/qvFAJw49XJ5NROSFNPxp3iQg1GqkFhaY/CR0IA==
  dependencies:
    ansi-escapes "^4.2.1"
    chalk "^4.1.0"
    cli-cursor "^3.1.0"
    cli-width "^3.0.0"
    external-editor "^3.0.3"
    figures "^3.0.0"
    lodash "^4.17.19"
    mute-stream "0.0.8"
    run-async "^2.4.0"
    rxjs "^6.6.0"
    string-width "^4.1.0"
    strip-ansi "^6.0.0"
    through "^2.3.6"

is-extglob@^2.1.1:
  version "2.1.1"
  resolved "https://registry.npmjs.org/is-extglob/-/is-extglob-2.1.1.tgz"
  integrity sha512-SbKbANkN603Vi4jEZv49LeVJMn4yGwsbzZworEoyEiutsN3nJYdbO36zfhGJ6QEDpOZIFkDtnq5JRxmvl3jsoQ==

is-fullwidth-code-point@^3.0.0:
  version "3.0.0"
  resolved "https://registry.npmjs.org/is-fullwidth-code-point/-/is-fullwidth-code-point-3.0.0.tgz"
  integrity sha512-zymm5+u+sCsSWyD9qNaejV3DFvhCKclKdizYaJUuHA83RLjb7nSuGnddCHGv0hk+KY7BMAlsWeK4Ueg6EV6XQg==

is-glob@^4.0.1, is-glob@^4.0.3:
  version "4.0.3"
  resolved "https://registry.npmjs.org/is-glob/-/is-glob-4.0.3.tgz"
  integrity sha512-xelSayHH36ZgE7ZWhli7pW34hNbNl8Ojv5KVmkJD4hBdD3th8Tfk9vYasLM+mXWOZhFkgZfxhLSnrwRr4elSSg==
  dependencies:
    is-extglob "^2.1.1"

is-number@^7.0.0:
  version "7.0.0"
  resolved "https://registry.npmjs.org/is-number/-/is-number-7.0.0.tgz"
  integrity sha512-41Cifkg6e8TylSpdtTpeLVMqvSBEVzTttHvERD741+pnZ8ANv0004MRL43QKPDlK9cGvNp6NZWZUBlbGXYxxng==

json-fixer@^1.6.8:
  version "1.6.15"
  resolved "https://registry.npmjs.org/json-fixer/-/json-fixer-1.6.15.tgz"
  integrity sha512-TuDuZ5KrgyjoCIppdPXBMqiGfota55+odM+j2cQ5rt/XKyKmqGB3Whz1F8SN8+60yYGy/Nu5lbRZ+rx8kBIvBw==
  dependencies:
    "@babel/runtime" "^7.18.9"
    chalk "^4.1.2"
    pegjs "^0.10.0"

locate-path@^5.0.0:
  version "5.0.0"
  resolved "https://registry.npmjs.org/locate-path/-/locate-path-5.0.0.tgz"
  integrity sha512-t7hw9pI+WvuwNJXwk5zVHpyhIqzg2qTlklJOf0mVxGSbe3Fp2VieZcduNYjaLDoy6p9uGpQEGWG87WpMKlNq8g==
  dependencies:
    p-locate "^4.1.0"

lodash@^4.11.2, lodash@^4.17.19:
  version "4.17.21"
  resolved "https://registry.npmjs.org/lodash/-/lodash-4.17.21.tgz"
  integrity sha512-v2kDEe57lecTulaDIuNTPy3Ry4gLGJ6Z1O3vE1krgXZNrsQ+LFTGHVxVjcXPs17LhbZVGedAJv8XZ1tvj5FvSg==

lru-cache@^6.0.0:
  version "6.0.0"
  resolved "https://registry.npmjs.org/lru-cache/-/lru-cache-6.0.0.tgz"
  integrity sha512-Jo6dJ04CmSjuznwJSS3pUeWmd/H0ffTlkXXgwZi+eq1UCmqQwCh+eLsYOYCwY991i2Fah4h1BEMCx4qThGbsiA==
  dependencies:
    yallist "^4.0.0"

merge2@^1.3.0, merge2@^1.4.1:
  version "1.4.1"
  resolved "https://registry.npmjs.org/merge2/-/merge2-1.4.1.tgz"
  integrity sha512-8q7VEgMJW4J8tcfVPy8g09NcQwZdbwFEqhe/WZkoIzjn/3TGDwtOCYtXGxA3O8tPzpczCCDgv+P2P5y00ZJOOg==

micromatch@^4.0.4:
  version "4.0.5"
  resolved "https://registry.npmjs.org/micromatch/-/micromatch-4.0.5.tgz"
  integrity sha512-DMy+ERcEW2q8Z2Po+WNXuw3c5YaUSFjAO5GsJqfEl7UjvtIuFKO6ZrKvcItdy98dwFI2N1tg3zNIdKaQT+aNdA==
  dependencies:
    braces "^3.0.2"
    picomatch "^2.3.1"

mimic-fn@^2.1.0:
  version "2.1.0"
  resolved "https://registry.npmjs.org/mimic-fn/-/mimic-fn-2.1.0.tgz"
  integrity sha512-OqbOk5oEQeAZ8WXWydlu9HJjz9WVdEIvamMCcXmuqUYjTknH/sqsWvhQ3vgwKFRR1HpjvNBKQ37nbJgYzGqGcg==

ms@2.1.2:
  version "2.1.2"
  resolved "https://registry.npmjs.org/ms/-/ms-2.1.2.tgz"
  integrity sha512-sGkPx+VjMtmA6MX27oA4FBFELFCZZ4S4XqeGOXCv68tT+jb3vk/RyaKWP0PTKyWtmLSM0b+adUTEvbs1PEaH2w==

mute-stream@0.0.8:
  version "0.0.8"
  resolved "https://registry.npmjs.org/mute-stream/-/mute-stream-0.0.8.tgz"
  integrity sha512-nnbWWOkoWyUsTjKrhgD0dcz22mdkSnpYqbEjIm2nhwhuxlSkpywJmBo8h0ZqJdkp73mb90SssHkN4rsRaBAfAA==

natural-compare-lite@^1.4.0:
  version "1.4.0"
  resolved "https://registry.npmjs.org/natural-compare-lite/-/natural-compare-lite-1.4.0.tgz"
  integrity sha512-Tj+HTDSJJKaZnfiuw+iaF9skdPpTo2GtEly5JHnWV/hfv2Qj/9RKsGISQtLh2ox3l5EAGw487hnBee0sIJ6v2g==

node-fetch@^2.6.0:
  version "2.6.9"
  resolved "https://registry.npmjs.org/node-fetch/-/node-fetch-2.6.9.tgz"
  integrity sha512-DJm/CJkZkRjKKj4Zi4BsKVZh3ValV5IR5s7LVZnW+6YMh0W1BfNA8XSs6DLMGYlId5F3KnA70uu2qepcR08Qqg==
  dependencies:
    whatwg-url "^5.0.0"

onetime@^5.1.0:
  version "5.1.2"
  resolved "https://registry.npmjs.org/onetime/-/onetime-5.1.2.tgz"
  integrity sha512-kbpaSSGJTWdAY5KPVeMOKXSrPtr8C8C7wodJbcsd51jRnmD+GZu8Y0VoU6Dm5Z4vWr0Ig/1NKuWRKf7j5aaYSg==
  dependencies:
    mimic-fn "^2.1.0"

os-tmpdir@~1.0.2:
  version "1.0.2"
  resolved "https://registry.npmjs.org/os-tmpdir/-/os-tmpdir-1.0.2.tgz"
  integrity sha512-D2FR03Vir7FIu45XBY20mTb+/ZSWB00sjU9jdQXt83gDrI4Ztz5Fs7/yy74g2N5SVQY4xY1qDr4rNddwYRVX0g==

p-limit@^2.2.0:
  version "2.3.0"
  resolved "https://registry.npmjs.org/p-limit/-/p-limit-2.3.0.tgz"
  integrity sha512-//88mFWSJx8lxCzwdAABTJL2MyWB12+eIY7MDL2SqLmAkeKU9qxRvWuSyTjm3FUmpBEMuFfckAIqEaVGUDxb6w==
  dependencies:
    p-try "^2.0.0"

p-locate@^4.1.0:
  version "4.1.0"
  resolved "https://registry.npmjs.org/p-locate/-/p-locate-4.1.0.tgz"
  integrity sha512-R79ZZ/0wAxKGu3oYMlz8jy/kbhsNrS7SKZ7PxEHBgJ5+F2mtFW2fK2cOtBh1cHYkQsbzFV7I+EoRKe6Yt0oK7A==
  dependencies:
    p-limit "^2.2.0"

p-try@^2.0.0:
  version "2.2.0"
  resolved "https://registry.npmjs.org/p-try/-/p-try-2.2.0.tgz"
  integrity sha512-R4nPAVTAU0B9D35/Gk3uJf/7XYbQcyohSKdvAxIRSNghFl4e71hVoGnBNQz9cWaXxO2I10KTC+3jMdvvoKw6dQ==

path-exists@^4.0.0:
  version "4.0.0"
  resolved "https://registry.npmjs.org/path-exists/-/path-exists-4.0.0.tgz"
  integrity sha512-ak9Qy5Q7jYb2Wwcey5Fpvg2KoAc/ZIhLSLOSBmRmygPsGwkVVt0fZa0qrtMz+m6tJTAHfZQ8FnmB4MG4LWy7/w==

path-type@^4.0.0:
  version "4.0.0"
  resolved "https://registry.npmjs.org/path-type/-/path-type-4.0.0.tgz"
  integrity sha512-gDKb8aZMDeD/tZWs9P6+q0J9Mwkdl6xMV8TjnGP3qJVJ06bdMgkbBlLU8IdfOsIsFz2BW1rNVT3XuNEl8zPAvw==

pegjs@^0.10.0:
  version "0.10.0"
  resolved "https://registry.npmjs.org/pegjs/-/pegjs-0.10.0.tgz"
  integrity sha512-qI5+oFNEGi3L5HAxDwN2LA4Gg7irF70Zs25edhjld9QemOgp0CbvMtbFcMvFtEo1OityPrcCzkQFB8JP/hxgow==

picomatch@^2.3.1:
  version "2.3.1"
  resolved "https://registry.npmjs.org/picomatch/-/picomatch-2.3.1.tgz"
  integrity sha512-JU3teHTNjmE2VCGFzuY8EXzCDVwEqB2a8fsIvwaStHhAWJEeVd1o1QD80CU6+ZdEXXSLbSsuLwJjkCBWqRQUVA==

pify@^5.0.0:
  version "5.0.0"
  resolved "https://registry.npmjs.org/pify/-/pify-5.0.0.tgz"
  integrity sha512-eW/gHNMlxdSP6dmG6uJip6FXN0EQBwm2clYYd8Wul42Cwu/DK8HEftzsapcNdYe2MfLiIwZqsDk2RDEsTE79hA==

queue-microtask@^1.2.2:
  version "1.2.3"
  resolved "https://registry.npmjs.org/queue-microtask/-/queue-microtask-1.2.3.tgz"
  integrity sha512-NuaNSa6flKT5JaSYQzJok04JzTL1CA6aGhv5rfLW3PgqA+M2ChpZQnAC8h8i4ZFkBS8X5RqkDBHA7r4hej3K9A==

regenerator-runtime@^0.13.11:
  version "0.13.11"
  resolved "https://registry.npmjs.org/regenerator-runtime/-/regenerator-runtime-0.13.11.tgz"
  integrity sha512-kY1AZVr2Ra+t+piVaJ4gxaFaReZVH40AKNo7UCX6W+dEwBo/2oZJzqfuN1qLq1oL45o56cPaTXELwrTh8Fpggg==

require-directory@^2.1.1:
  version "2.1.1"
  resolved "https://registry.npmjs.org/require-directory/-/require-directory-2.1.1.tgz"
  integrity sha512-fGxEI7+wsG9xrvdjsrlmL22OMTTiHRwAMroiEeMgq8gzoLC/PQr7RsRDSTLUg/bZAZtF+TVIkHc6/4RIKrui+Q==

require-main-filename@^2.0.0:
  version "2.0.0"
  resolved "https://registry.npmjs.org/require-main-filename/-/require-main-filename-2.0.0.tgz"
  integrity sha512-NKN5kMDylKuldxYLSUfrbo5Tuzh4hd+2E8NPPX02mZtn1VuREQToYe/ZdlJy+J3uCpfaiGF05e7B8W0iXbQHmg==

restore-cursor@^3.1.0:
  version "3.1.0"
  resolved "https://registry.npmjs.org/restore-cursor/-/restore-cursor-3.1.0.tgz"
  integrity sha512-l+sSefzHpj5qimhFSE5a8nufZYAM3sBSVMAPtYkmC+4EH2anSGaEMXSD0izRQbu9nfyQ9y5JrVmp7E8oZrUjvA==
  dependencies:
    onetime "^5.1.0"
    signal-exit "^3.0.2"

reusify@^1.0.4:
  version "1.0.4"
  resolved "https://registry.npmjs.org/reusify/-/reusify-1.0.4.tgz"
  integrity sha512-U9nH88a3fc/ekCF1l0/UP1IosiuIjyTh7hBvXVMHYgVcfGvt897Xguj2UOLDeI5BG2m7/uwyaLVT6fbtCwTyzw==

run-async@^2.4.0:
  version "2.4.1"
  resolved "https://registry.npmjs.org/run-async/-/run-async-2.4.1.tgz"
  integrity sha512-tvVnVv01b8c1RrA6Ep7JkStj85Guv/YrMcwqYQnwjsAS2cTmmPGBBjAjpCW7RrSodNSoE2/qg9O4bceNvUuDgQ==

run-parallel@^1.1.9:
  version "1.2.0"
  resolved "https://registry.npmjs.org/run-parallel/-/run-parallel-1.2.0.tgz"
  integrity sha512-5l4VyZR86LZ/lDxZTR6jqL8AFE2S0IFLMP26AbjsLVADxHdhB/c0GUsH+y39UfCi3dzz8OlQuPmnaJOMoDHQBA==
  dependencies:
    queue-microtask "^1.2.2"

rxjs@^6.6.0:
  version "6.6.7"
  resolved "https://registry.npmjs.org/rxjs/-/rxjs-6.6.7.tgz"
  integrity sha512-hTdwr+7yYNIT5n4AMYp85KA6yw2Va0FLa3Rguvbpa4W3I5xynaBZo41cM3XM+4Q6fRMj3sBYIR1VAmZMXYJvRQ==
  dependencies:
    tslib "^1.9.0"

"safer-buffer@>= 2.1.2 < 3":
  version "2.1.2"
  resolved "https://registry.npmjs.org/safer-buffer/-/safer-buffer-2.1.2.tgz"
  integrity sha512-YZo3K82SD7Riyi0E1EQPojLz7kpepnSQI9IyPbHHg1XXXevb5dJI7tpyN2ADxGcQbHG7vcyRHk0cbwqcQriUtg==

semver@^7.3.7:
  version "7.3.8"
  resolved "https://registry.npmjs.org/semver/-/semver-7.3.8.tgz"
  integrity sha512-NB1ctGL5rlHrPJtFDVIVzTyQylMLu9N9VICA6HSFJo8MCGVTMW6gfpicwKmmK/dAjTOrqu5l63JJOpDSrAis3A==
  dependencies:
    lru-cache "^6.0.0"

set-blocking@^2.0.0:
  version "2.0.0"
  resolved "https://registry.npmjs.org/set-blocking/-/set-blocking-2.0.0.tgz"
  integrity sha512-KiKBS8AnWGEyLzofFfmvKwpdPzqiy16LvQfK3yv/fVH7Bj13/wl3JSR1J+rfgRE9q7xUJK4qvgS8raSOeLUehw==

signal-exit@^3.0.2:
  version "3.0.7"
  resolved "https://registry.npmjs.org/signal-exit/-/signal-exit-3.0.7.tgz"
  integrity sha512-wnD2ZE+l+SPC/uoS0vXeE9L1+0wuaMqKlfz9AMUo38JsyLSBWSFcHR1Rri62LZc12vLr1gb3jl7iwQhgwpAbGQ==

slash@^3.0.0:
  version "3.0.0"
  resolved "https://registry.npmjs.org/slash/-/slash-3.0.0.tgz"
  integrity sha512-g9Q1haeby36OSStwb4ntCGGGaKsaVSjQ68fBxoQcutl5fS1vuY18H3wSt3jFyFtrkx+Kz0V1G85A4MyAdDMi2Q==

string-width@^4.1.0, string-width@^4.2.0:
  version "4.2.3"
  resolved "https://registry.npmjs.org/string-width/-/string-width-4.2.3.tgz"
  integrity sha512-wKyQRQpjJ0sIp62ErSZdGsjMJWsap5oRNihHhu6G7JVO/9jIB6UyevL+tXuOqrng8j/cxKTWyWUwvSTriiZz/g==
  dependencies:
    emoji-regex "^8.0.0"
    is-fullwidth-code-point "^3.0.0"
    strip-ansi "^6.0.1"

strip-ansi@^6.0.0, strip-ansi@^6.0.1:
  version "6.0.1"
  resolved "https://registry.npmjs.org/strip-ansi/-/strip-ansi-6.0.1.tgz"
  integrity sha512-Y38VPSHcqkFrCpFnQ9vuSXmquuv5oXOKpGeT6aGrr3o3Gc9AlVa6JBfUSOCnbxGGZF+/0ooI7KrPuUSztUdU5A==
  dependencies:
    ansi-regex "^5.0.1"

supports-color@^7.1.0:
  version "7.2.0"
  resolved "https://registry.npmjs.org/supports-color/-/supports-color-7.2.0.tgz"
  integrity sha512-qpCAvRl9stuOHveKsn7HncJRvv501qIacKzQlO/+Lwxc9+0q2wLyv4Dfvt80/DPn2pqOBsJdDiogXGR9+OvwRw==
  dependencies:
    has-flag "^4.0.0"

through@^2.3.6:
  version "2.3.8"
  resolved "https://registry.npmjs.org/through/-/through-2.3.8.tgz"
  integrity sha512-w89qg7PI8wAdvX60bMDP+bFoD5Dvhm9oLheFp5O4a2QF0cSBGsBX4qZmadPMvVqlLJBBci+WqGGOAPvcDeNSVg==

tmp@^0.0.33:
  version "0.0.33"
  resolved "https://registry.npmjs.org/tmp/-/tmp-0.0.33.tgz"
  integrity sha512-jRCJlojKnZ3addtTOjdIqoRuPEKBvNXcGYqzO6zWZX8KfKEpnGY5jfggJQ3EjKuu8D4bJRr0y+cYJFmYbImXGw==
  dependencies:
    os-tmpdir "~1.0.2"

to-regex-range@^5.0.1:
  version "5.0.1"
  resolved "https://registry.npmjs.org/to-regex-range/-/to-regex-range-5.0.1.tgz"
  integrity sha512-65P7iz6X5yEr1cwcgvQxbbIw7Uk3gOy5dIdtZ4rDveLqhrdJP+Li/Hx6tyK0NEb+2GCyneCMJiGqrADCSNk8sQ==
  dependencies:
    is-number "^7.0.0"

tr46@~0.0.3:
  version "0.0.3"
  resolved "https://registry.npmjs.org/tr46/-/tr46-0.0.3.tgz"
  integrity sha512-N3WMsuqV66lT30CrXNbEjx4GEwlow3v6rr4mCcv6prnfwhS01rkgyFdjPNBYd9br7LpXV1+Emh01fHnq2Gdgrw==

tslib@^1.8.1, tslib@^1.9.0:
  version "1.14.1"
  resolved "https://registry.npmjs.org/tslib/-/tslib-1.14.1.tgz"
  integrity sha512-Xni35NKzjgMrwevysHTCArtLDpPvye8zV/0E4EyYn43P7/7qvQwPh9BGkHewbMulVntbigmcT7rdX3BNo9wRJg==

tsutils@^3.21.0:
  version "3.21.0"
  resolved "https://registry.npmjs.org/tsutils/-/tsutils-3.21.0.tgz"
  integrity sha512-mHKK3iUXL+3UF6xL5k0PEhKRUBKPBCv/+RkEOpjRWxxx27KKRBmmA60A9pgOUvMi8GKhRMPEmjBRPzs2W7O1OA==
  dependencies:
    tslib "^1.8.1"

type-fest@^0.21.3:
  version "0.21.3"
  resolved "https://registry.npmjs.org/type-fest/-/type-fest-0.21.3.tgz"
  integrity sha512-t0rzBq87m3fVcduHDUFhKmyyX+9eo6WQjZvf51Ea/M0Q7+T374Jp1aUiyUl0GKxp8M/OETVHSDvmkyPgvX+X2w==

typescript@4.5.2:
  version "4.5.2"
  resolved "https://registry.npmjs.org/typescript/-/typescript-4.5.2.tgz"
  integrity sha512-5BlMof9H1yGt0P8/WF+wPNw6GfctgGjXp5hkblpyT+8rkASSmkUKMXrxR0Xg8ThVCi/JnHQiKXeBaEwCeQwMFw==

webidl-conversions@^3.0.0:
  version "3.0.1"
  resolved "https://registry.npmjs.org/webidl-conversions/-/webidl-conversions-3.0.1.tgz"
  integrity sha512-2JAn3z8AR6rjK8Sm8orRC0h/bcl/DqL7tRPdGZ4I1CjdF+EaMLmYxBHyXuKL849eucPFhvBoxMsflfOb8kxaeQ==

whatwg-url@^5.0.0:
  version "5.0.0"
  resolved "https://registry.npmjs.org/whatwg-url/-/whatwg-url-5.0.0.tgz"
  integrity sha512-saE57nupxk6v3HY35+jzBwYa0rKSy0XR8JSxZPwgLr7ys0IBzhGviA1/TUGJLmSVqs8pb9AnvICXEuOHLprYTw==
  dependencies:
    tr46 "~0.0.3"
    webidl-conversions "^3.0.0"

which-module@^2.0.0:
  version "2.0.0"
  resolved "https://registry.npmjs.org/which-module/-/which-module-2.0.0.tgz"
  integrity sha512-B+enWhmw6cjfVC7kS8Pj9pCrKSc5txArRyaYGe088shv/FGWH+0Rjx/xPgtsWfsUtS27FkP697E4DDhgrgoc0Q==

wrap-ansi@^6.2.0:
  version "6.2.0"
  resolved "https://registry.npmjs.org/wrap-ansi/-/wrap-ansi-6.2.0.tgz"
  integrity sha512-r6lPcBGxZXlIcymEu7InxDMhdW0KDxpLgoFLcguasxCaJ/SOIZwINatK9KY/tf+ZrlywOKU0UDj3ATXUBfxJXA==
  dependencies:
    ansi-styles "^4.0.0"
    string-width "^4.1.0"
    strip-ansi "^6.0.0"

y18n@^4.0.0:
  version "4.0.3"
  resolved "https://registry.npmjs.org/y18n/-/y18n-4.0.3.tgz"
  integrity sha512-JKhqTOwSrqNA1NY5lSztJ1GrBiUodLMmIZuLiDaMRJ+itFd+ABVE8XBjOvIWL+rSqNDC74LCSFmlb/U4UZ4hJQ==

yallist@^4.0.0:
  version "4.0.0"
  resolved "https://registry.npmjs.org/yallist/-/yallist-4.0.0.tgz"
  integrity sha512-3wdGidZyq5PB084XLES5TpOSRA3wjXAlIWMhum2kRcv/41Sn2emQ0dycQW4uZXLejwKvg6EsvbdlVL+FYEct7A==

yargs-parser@^18.1.2:
  version "18.1.3"
  resolved "https://registry.npmjs.org/yargs-parser/-/yargs-parser-18.1.3.tgz"
  integrity sha512-o50j0JeToy/4K6OZcaQmW6lyXXKhq7csREXcDwk2omFPJEwUNOVtJKvmDr9EI1fAJZUyZcRF7kxGBWmRXudrCQ==
  dependencies:
    camelcase "^5.0.0"
    decamelize "^1.2.0"

yargs@^15.0.1:
  version "15.4.1"
  resolved "https://registry.npmjs.org/yargs/-/yargs-15.4.1.tgz"
  integrity sha512-aePbxDmcYW++PaqBsJ+HYUFwCdv4LVvdnhBy78E57PIor8/OVvhMrADFFEDh8DHDFRv/O9i3lPhsENjO7QX0+A==
  dependencies:
    cliui "^6.0.0"
    decamelize "^1.2.0"
    find-up "^4.1.0"
    get-caller-file "^2.0.1"
    require-directory "^2.1.1"
    require-main-filename "^2.0.0"
    set-blocking "^2.0.0"
    string-width "^4.2.0"
    which-module "^2.0.0"
    y18n "^4.0.0"
    yargs-parser "^18.1.2"
