# Generated by buf. DO NOT EDIT.
version: v1
deps:
  - remote: buf.build
    owner: googleapis
    repository: googleapis
    commit: f0e53af8f2fc4556b94f482688b57223
    digest: shake256:de26a277fc28b8b411ecf58729d78d32fcf15090ffd998a4469225b17889bfb51442eaab04bb7a8d88d203ecdf0a9febd4ffd52c18ed1c2229160c7bd353ca95
  - remote: buf.build
    owner: grpc-ecosystem
    repository: grpc-gateway
    commit: a48fcebcf8f140dd9d09359b9bb185a4
    digest: shake256:a926173f0ec3e1a929462c350acda846e546134b5ce2bb83fe44f02f9330a42b1c9b292f64b951b06a4d2c47e2ce4d477d6a2cb31502a15637ada35ecedefcf6
