# Generated by buf. DO NOT EDIT.
version: v1
deps:
  - remote: buf.build
    owner: googleapis
    repository: googleapis
    branch: main
    commit: d1a849b8f8304950832335723096e954
    digest: b1-zJkwX0YeOp1Wa0Jaj_RqMLa2-oEzePH6PJEK8aaMeI4=
    create_time: 2021-08-26T15:07:19.652533Z
  - remote: buf.build
    owner: grpc-ecosystem
    repository: grpc-gateway
    branch: main
    commit: d1922677830c448eb65ec590f3abc734
    digest: b1-zmmsl0XlsSF4_BhZe7w9NMdImBCRtMSn68rmn9H1faQ=
    create_time: 2021-08-17T02:45:07.151993Z
